{
  "lockfile-version": 1,
  "manifest": {
    "schema-version": "1.12.0",
    "install": {
      "claude-code": {
        "pkg-path": "claude-code",
        "pkg-group": "claude-code",
        "version": "2.1.161"
      },
      "codex": {
        "pkg-path": "codex",
        "pkg-group": "codex",
        "version": "^0.135.0"
      },
      "infer": {
        "flake": "github:inference-gateway/cli/v0.121.0"
      },
      "nodejs": {
        "pkg-path": "nodejs_26",
        "version": "26.2.0"
      },
      "pnpm": {
        "pkg-path": "pnpm",
        "version": "11.1.2"
      }
    },
    "vars": {
      "NODE_OPTIONS": "--no-warnings"
    },
    "hook": {
      "on-activate": "  pnpm install\n"
    },
    "options": {}
  },
  "packages": [
    {
      "attr_path": "claude-code",
      "broken": false,
      "derivation": "/nix/store/4758p7by4xdgsqap4ghigq0mwxzqxvqh-claude-code-2.1.161.drv",
      "description": "Agentic coding tool that lives in your terminal, understands your codebase, and helps you code faster",
      "install_id": "claude-code",
      "license": "Unfree",
      "locked_url": "https://github.com/flox/nixpkgs?rev=a799d3e3886da994fa307f817a6bc705ae538eeb",
      "name": "claude-code-2.1.161",
      "pname": "claude-code",
      "rev": "a799d3e3886da994fa307f817a6bc705ae538eeb",
      "rev_count": 1011622,
      "rev_date": "2026-06-06T12:30:50Z",
      "scrape_date": "2026-06-08T03:14:19.044046Z",
      "stabilities": [
        "unstable"
      ],
      "unfree": true,
      "version": "2.1.161",
      "outputs_to_install": [
        "out"
      ],
      "outputs": {
        "out": "/nix/store/i9sba4hvza65y8i9bsj9m300z28znay1-claude-code-2.1.161"
      },
      "system": "aarch64-darwin",
      "group": "claude-code",
      "priority": 5
    },
    {
      "attr_path": "claude-code",
      "broken": false,
      "derivation": "/nix/store/d9fk8q28kw044ni4vm8lp28qrz5hkia5-claude-code-2.1.161.drv",
      "description": "Agentic coding tool that lives in your terminal, understands your codebase, and helps you code faster",
      "install_id": "claude-code",
      "license": "Unfree",
      "locked_url": "https://github.com/flox/nixpkgs?rev=a799d3e3886da994fa307f817a6bc705ae538eeb",
      "name": "claude-code-2.1.161",
      "pname": "claude-code",
      "rev": "a799d3e3886da994fa307f817a6bc705ae538eeb",
      "rev_count": 1011622,
      "rev_date": "2026-06-06T12:30:50Z",
      "scrape_date": "2026-06-08T03:46:51.180700Z",
      "stabilities": [
        "unstable"
      ],
      "unfree": true,
      "version": "2.1.161",
      "outputs_to_install": [
        "out"
      ],
      "outputs": {
        "out": "/nix/store/0snj330dzl9g1ac9jlhyj97m92fhzysy-claude-code-2.1.161"
      },
      "system": "aarch64-linux",
      "group": "claude-code",
      "priority": 5
    },
    {
      "attr_path": "claude-code",
      "broken": false,
      "derivation": "/nix/store/ym8vcimq6zs08b261qjr5g0grzgxdhkk-claude-code-2.1.161.drv",
      "description": "Agentic coding tool that lives in your terminal, understands your codebase, and helps you code faster",
      "install_id": "claude-code",
      "license": "Unfree",
      "locked_url": "https://github.com/flox/nixpkgs?rev=a799d3e3886da994fa307f817a6bc705ae538eeb",
      "name": "claude-code-2.1.161",
      "pname": "claude-code",
      "rev": "a799d3e3886da994fa307f817a6bc705ae538eeb",
      "rev_count": 1011622,
      "rev_date": "2026-06-06T12:30:50Z",
      "scrape_date": "2026-06-08T04:17:43.796895Z",
      "stabilities": [
        "unstable"
      ],
      "unfree": true,
      "version": "2.1.161",
      "outputs_to_install": [
        "out"
      ],
      "outputs": {
        "out": "/nix/store/803c84sp6d6ypay1pxyqdd0fm832g8cz-claude-code-2.1.161"
      },
      "system": "x86_64-darwin",
      "group": "claude-code",
      "priority": 5
    },
    {
      "attr_path": "claude-code",
      "broken": false,
      "derivation": "/nix/store/8swi042jz88zqd56nj593i05ppvshf4n-claude-code-2.1.161.drv",
      "description": "Agentic coding tool that lives in your terminal, understands your codebase, and helps you code faster",
      "install_id": "claude-code",
      "license": "Unfree",
      "locked_url": "https://github.com/flox/nixpkgs?rev=a799d3e3886da994fa307f817a6bc705ae538eeb",
      "name": "claude-code-2.1.161",
      "pname": "claude-code",
      "rev": "a799d3e3886da994fa307f817a6bc705ae538eeb",
      "rev_count": 1011622,
      "rev_date": "2026-06-06T12:30:50Z",
      "scrape_date": "2026-06-08T04:53:14.811360Z",
      "stabilities": [
        "unstable"
      ],
      "unfree": true,
      "version": "2.1.161",
      "outputs_to_install": [
        "out"
      ],
      "outputs": {
        "out": "/nix/store/caanb1wd5cncm5z2abksqd3pid4bcizn-claude-code-2.1.161"
      },
      "system": "x86_64-linux",
      "group": "claude-code",
      "priority": 5
    },
    {
      "attr_path": "codex",
      "broken": false,
      "derivation": "/nix/store/gzs0s2pjs6r703d5ckzpp15z2z9mh4yx-codex-0.135.0.drv",
      "description": "Lightweight coding agent that runs in your terminal",
      "install_id": "codex",
      "license": "Apache-2.0",
      "locked_url": "https://github.com/flox/nixpkgs?rev=331800de5053fcebacf6813adb5db9c9dca22a0c",
      "name": "codex-0.135.0",
      "pname": "codex",
      "rev": "331800de5053fcebacf6813adb5db9c9dca22a0c",
      "rev_count": 1008282,
      "rev_date": "2026-05-31T16:09:29Z",
      "scrape_date": "2026-06-02T08:55:40.294021Z",
      "stabilities": [
        "unstable"
      ],
      "unfree": false,
      "version": "0.135.0",
      "outputs_to_install": [
        "out"
      ],
      "outputs": {
        "out": "/nix/store/l6p2maazc8iljiz8iv34dkppk7lvk7ni-codex-0.135.0"
      },
      "system": "aarch64-darwin",
      "group": "codex",
      "priority": 5
    },
    {
      "attr_path": "codex",
      "broken": false,
      "derivation": "/nix/store/djxbjp6sx9xwmkgf9yy41vik8kdyhix5-codex-0.135.0.drv",
      "description": "Lightweight coding agent that runs in your terminal",
      "install_id": "codex",
      "license": "Apache-2.0",
      "locked_url": "https://github.com/flox/nixpkgs?rev=331800de5053fcebacf6813adb5db9c9dca22a0c",
      "name": "codex-0.135.0",
      "pname": "codex",
      "rev": "331800de5053fcebacf6813adb5db9c9dca22a0c",
      "rev_count": 1008282,
      "rev_date": "2026-05-31T16:09:29Z",
      "scrape_date": "2026-06-02T09:40:19.446424Z",
      "stabilities": [
        "unstable"
      ],
      "unfree": false,
      "version": "0.135.0",
      "outputs_to_install": [
        "out"
      ],
      "outputs": {
        "out": "/nix/store/ywsap0cn6xx7pawpa07bcc7yxlvmfl0r-codex-0.135.0"
      },
      "system": "aarch64-linux",
      "group": "codex",
      "priority": 5
    },
    {
      "attr_path": "codex",
      "broken": false,
      "derivation": "/nix/store/aq0sbnzf9y676868ckh9gvp9hy2ndqa1-codex-0.135.0.drv",
      "description": "Lightweight coding agent that runs in your terminal",
      "install_id": "codex",
      "license": "Apache-2.0",
      "locked_url": "https://github.com/flox/nixpkgs?rev=331800de5053fcebacf6813adb5db9c9dca22a0c",
      "name": "codex-0.135.0",
      "pname": "codex",
      "rev": "331800de5053fcebacf6813adb5db9c9dca22a0c",
      "rev_count": 1008282,
      "rev_date": "2026-05-31T16:09:29Z",
      "scrape_date": "2026-06-02T10:24:47.448521Z",
      "stabilities": [
        "unstable"
      ],
      "unfree": false,
      "version": "0.135.0",
      "outputs_to_install": [
        "out"
      ],
      "outputs": {
        "out": "/nix/store/70qxp4l1gs24gsx0v4pqmyw45jplx8yz-codex-0.135.0"
      },
      "system": "x86_64-darwin",
      "group": "codex",
      "priority": 5
    },
    {
      "attr_path": "codex",
      "broken": false,
      "derivation": "/nix/store/swrcc8r0z2kp41ga0j6jf6ig10kli5qv-codex-0.135.0.drv",
      "description": "Lightweight coding agent that runs in your terminal",
      "install_id": "codex",
      "license": "Apache-2.0",
      "locked_url": "https://github.com/flox/nixpkgs?rev=331800de5053fcebacf6813adb5db9c9dca22a0c",
      "name": "codex-0.135.0",
      "pname": "codex",
      "rev": "331800de5053fcebacf6813adb5db9c9dca22a0c",
      "rev_count": 1008282,
      "rev_date": "2026-05-31T16:09:29Z",
      "scrape_date": "2026-06-02T11:06:43.030616Z",
      "stabilities": [
        "unstable"
      ],
      "unfree": false,
      "version": "0.135.0",
      "outputs_to_install": [
        "out"
      ],
      "outputs": {
        "out": "/nix/store/q1j9qd6h3cvbbi24q6mr5b5x4ia5q0kd-codex-0.135.0"
      },
      "system": "x86_64-linux",
      "group": "codex",
      "priority": 5
    },
    {
      "attr_path": "nodejs_26",
      "broken": false,
      "derivation": "/nix/store/iglicmvz9gwvncclrw7pfx0gjrl1jg6n-nodejs-26.2.0.drv",
      "description": "Event-driven I/O framework for the V8 JavaScript engine",
      "install_id": "nodejs",
      "license": "MIT",
      "locked_url": "https://github.com/flox/nixpkgs?rev=64c08a7ca051951c8eae34e3e3cb1e202fe36786",
      "name": "nodejs-26.2.0",
      "pname": "nodejs_26",
      "rev": "64c08a7ca051951c8eae34e3e3cb1e202fe36786",
      "rev_count": 1004030,
      "rev_date": "2026-05-23T18:24:25Z",
      "scrape_date": "2026-05-26T07:06:28.044052Z",
      "stabilities": [
        "unstable"
      ],
      "unfree": false,
      "version": "26.2.0",
      "outputs_to_install": [
        "out"
      ],
      "outputs": {
        "out": "/nix/store/ng3asxryh41z2bbyv42qz86ziy6fk3r2-nodejs-26.2.0"
      },
      "system": "aarch64-darwin",
      "group": "toplevel",
      "priority": 5
    },
    {
      "attr_path": "nodejs_26",
      "broken": false,
      "derivation": "/nix/store/w3fr2yfgh1kzvijfjbz88pc1fpl1769q-nodejs-26.2.0.drv",
      "description": "Event-driven I/O framework for the V8 JavaScript engine",
      "install_id": "nodejs",
      "license": "MIT",
      "locked_url": "https://github.com/flox/nixpkgs?rev=64c08a7ca051951c8eae34e3e3cb1e202fe36786",
      "name": "nodejs-26.2.0",
      "pname": "nodejs_26",
      "rev": "64c08a7ca051951c8eae34e3e3cb1e202fe36786",
      "rev_count": 1004030,
      "rev_date": "2026-05-23T18:24:25Z",
      "scrape_date": "2026-05-26T07:35:05.606404Z",
      "stabilities": [
        "unstable"
      ],
      "unfree": false,
      "version": "26.2.0",
      "outputs_to_install": [
        "out"
      ],
      "outputs": {
        "out": "/nix/store/0aig3msypgcn18jxqhzmci1acam3gs5b-nodejs-26.2.0"
      },
      "system": "aarch64-linux",
      "group": "toplevel",
      "priority": 5
    },
    {
      "attr_path": "nodejs_26",
      "broken": false,
      "derivation": "/nix/store/py2n5xncg4cgpgaqzifk6kbgg5r98443-nodejs-26.2.0.drv",
      "description": "Event-driven I/O framework for the V8 JavaScript engine",
      "install_id": "nodejs",
      "license": "MIT",
      "locked_url": "https://github.com/flox/nixpkgs?rev=64c08a7ca051951c8eae34e3e3cb1e202fe36786",
      "name": "nodejs-26.2.0",
      "pname": "nodejs_26",
      "rev": "64c08a7ca051951c8eae34e3e3cb1e202fe36786",
      "rev_count": 1004030,
      "rev_date": "2026-05-23T18:24:25Z",
      "scrape_date": "2026-05-26T08:02:36.833820Z",
      "stabilities": [
        "unstable"
      ],
      "unfree": false,
      "version": "26.2.0",
      "outputs_to_install": [
        "out"
      ],
      "outputs": {
        "out": "/nix/store/7maj7y73f78q8k7f58f6bqbalhzg3ijy-nodejs-26.2.0"
      },
      "system": "x86_64-darwin",
      "group": "toplevel",
      "priority": 5
    },
    {
      "attr_path": "nodejs_26",
      "broken": false,
      "derivation": "/nix/store/pn8q0xmdld7kyy54rmp3hixnhh5nf928-nodejs-26.2.0.drv",
      "description": "Event-driven I/O framework for the V8 JavaScript engine",
      "install_id": "nodejs",
      "license": "MIT",
      "locked_url": "https://github.com/flox/nixpkgs?rev=64c08a7ca051951c8eae34e3e3cb1e202fe36786",
      "name": "nodejs-26.2.0",
      "pname": "nodejs_26",
      "rev": "64c08a7ca051951c8eae34e3e3cb1e202fe36786",
      "rev_count": 1004030,
      "rev_date": "2026-05-23T18:24:25Z",
      "scrape_date": "2026-05-26T08:33:31.733068Z",
      "stabilities": [
        "unstable"
      ],
      "unfree": false,
      "version": "26.2.0",
      "outputs_to_install": [
        "out"
      ],
      "outputs": {
        "out": "/nix/store/6b8rp3jvsq1am7d0bx8xz2dpyb45nbp2-nodejs-26.2.0"
      },
      "system": "x86_64-linux",
      "group": "toplevel",
      "priority": 5
    },
    {
      "attr_path": "pnpm",
      "broken": false,
      "derivation": "/nix/store/rc7lw12f8g6670780vvjgfvry1gv4xg4-pnpm-11.1.2.drv",
      "description": "Fast, disk space efficient package manager for JavaScript",
      "install_id": "pnpm",
      "license": "MIT",
      "locked_url": "https://github.com/flox/nixpkgs?rev=64c08a7ca051951c8eae34e3e3cb1e202fe36786",
      "name": "pnpm-11.1.2",
      "pname": "pnpm",
      "rev": "64c08a7ca051951c8eae34e3e3cb1e202fe36786",
      "rev_count": 1004030,
      "rev_date": "2026-05-23T18:24:25Z",
      "scrape_date": "2026-05-26T07:06:42.079668Z",
      "stabilities": [
        "unstable"
      ],
      "unfree": false,
      "version": "11.1.2",
      "outputs_to_install": [
        "out"
      ],
      "outputs": {
        "out": "/nix/store/5xwgha9mcl3x41zs1yf3cxjcl4866mvk-pnpm-11.1.2"
      },
      "system": "aarch64-darwin",
      "group": "toplevel",
      "priority": 5
    },
    {
      "attr_path": "pnpm",
      "broken": false,
      "derivation": "/nix/store/hsrrzl1h103ch68by248qrvnn8xcqcxy-pnpm-11.1.2.drv",
      "description": "Fast, disk space efficient package manager for JavaScript",
      "install_id": "pnpm",
      "license": "MIT",
      "locked_url": "https://github.com/flox/nixpkgs?rev=64c08a7ca051951c8eae34e3e3cb1e202fe36786",
      "name": "pnpm-11.1.2",
      "pname": "pnpm",
      "rev": "64c08a7ca051951c8eae34e3e3cb1e202fe36786",
      "rev_count": 1004030,
      "rev_date": "2026-05-23T18:24:25Z",
      "scrape_date": "2026-05-26T07:35:25.766088Z",
      "stabilities": [
        "unstable"
      ],
      "unfree": false,
      "version": "11.1.2",
      "outputs_to_install": [
        "out"
      ],
      "outputs": {
        "out": "/nix/store/1kzs82g6ywic50y2i9k6nkp9kzya4a4a-pnpm-11.1.2"
      },
      "system": "aarch64-linux",
      "group": "toplevel",
      "priority": 5
    },
    {
      "attr_path": "pnpm",
      "broken": false,
      "derivation": "/nix/store/s0nsa7gxdhd580s8fy61s3h0k4lzwxjy-pnpm-11.1.2.drv",
      "description": "Fast, disk space efficient package manager for JavaScript",
      "install_id": "pnpm",
      "license": "MIT",
      "locked_url": "https://github.com/flox/nixpkgs?rev=64c08a7ca051951c8eae34e3e3cb1e202fe36786",
      "name": "pnpm-11.1.2",
      "pname": "pnpm",
      "rev": "64c08a7ca051951c8eae34e3e3cb1e202fe36786",
      "rev_count": 1004030,
      "rev_date": "2026-05-23T18:24:25Z",
      "scrape_date": "2026-05-26T08:02:51.046069Z",
      "stabilities": [
        "unstable"
      ],
      "unfree": false,
      "version": "11.1.2",
      "outputs_to_install": [
        "out"
      ],
      "outputs": {
        "out": "/nix/store/6ylc843py5x7jpw8g322adgz08a4kjzd-pnpm-11.1.2"
      },
      "system": "x86_64-darwin",
      "group": "toplevel",
      "priority": 5
    },
    {
      "attr_path": "pnpm",
      "broken": false,
      "derivation": "/nix/store/r688lc2vhw52rn7jrag2yvvd4865mz1r-pnpm-11.1.2.drv",
      "description": "Fast, disk space efficient package manager for JavaScript",
      "install_id": "pnpm",
      "license": "MIT",
      "locked_url": "https://github.com/flox/nixpkgs?rev=64c08a7ca051951c8eae34e3e3cb1e202fe36786",
      "name": "pnpm-11.1.2",
      "pname": "pnpm",
      "rev": "64c08a7ca051951c8eae34e3e3cb1e202fe36786",
      "rev_count": 1004030,
      "rev_date": "2026-05-23T18:24:25Z",
      "scrape_date": "2026-05-26T08:33:51.095503Z",
      "stabilities": [
        "unstable"
      ],
      "unfree": false,
      "version": "11.1.2",
      "outputs_to_install": [
        "out"
      ],
      "outputs": {
        "out": "/nix/store/q5a7ifamw5c6c9llfdj8h487qz4rasr9-pnpm-11.1.2"
      },
      "system": "x86_64-linux",
      "group": "toplevel",
      "priority": 5
    },
    {
      "install_id": "infer",
      "locked-url": "github:inference-gateway/cli/81761aed9cf0c38a1db8fb531ef40a45f037d48c?narHash=sha256-z/weHqUvnWr/ko389SeFU7XzEQAiMcD4fgyeSZUO67o%3D",
      "flake-description": "Inference Gateway CLI - infer",
      "locked-flake-attr-path": "packages.aarch64-darwin.default",
      "derivation": "/nix/store/a3kc0csis9pqfamqhr3acb9nx0f4a1h4-infer-0.121.0.drv",
      "outputs": {
        "out": "/nix/store/iz58cqypnv22hxsq211bl5xy51lzxjln-infer-0.121.0"
      },
      "output-names": [
        "out"
      ],
      "outputs-to-install": [
        "out"
      ],
      "requested-outputs-to-install": [],
      "package-system": "aarch64-darwin",
      "system": "aarch64-darwin",
      "name": "infer-0.121.0",
      "pname": "infer",
      "version": "0.121.0",
      "description": "Command-line interface for the Inference Gateway - AI model interaction manager",
      "licenses": [
        "MIT"
      ],
      "broken": false,
      "unfree": false,
      "priority": 5
    },
    {
      "install_id": "infer",
      "locked-url": "github:inference-gateway/cli/81761aed9cf0c38a1db8fb531ef40a45f037d48c?narHash=sha256-z/weHqUvnWr/ko389SeFU7XzEQAiMcD4fgyeSZUO67o%3D",
      "flake-description": "Inference Gateway CLI - infer",
      "locked-flake-attr-path": "packages.aarch64-linux.default",
      "derivation": "/nix/store/l116syh03dj59cmi2fczj83dlv3fdwaw-infer-0.121.0.drv",
      "outputs": {
        "out": "/nix/store/db5cmx8qm51i69c04741b6y9gi6dy4rs-infer-0.121.0"
      },
      "output-names": [
        "out"
      ],
      "outputs-to-install": [
        "out"
      ],
      "requested-outputs-to-install": [],
      "package-system": "aarch64-linux",
      "system": "aarch64-linux",
      "name": "infer-0.121.0",
      "pname": "infer",
      "version": "0.121.0",
      "description": "Command-line interface for the Inference Gateway - AI model interaction manager",
      "licenses": [
        "MIT"
      ],
      "broken": false,
      "unfree": false,
      "priority": 5
    },
    {
      "install_id": "infer",
      "locked-url": "github:inference-gateway/cli/81761aed9cf0c38a1db8fb531ef40a45f037d48c?narHash=sha256-z/weHqUvnWr/ko389SeFU7XzEQAiMcD4fgyeSZUO67o%3D",
      "flake-description": "Inference Gateway CLI - infer",
      "locked-flake-attr-path": "packages.x86_64-darwin.default",
      "derivation": "/nix/store/8w2zwk9p6vbf1q9j19yxfx99ya1ss47v-infer-0.121.0.drv",
      "outputs": {
        "out": "/nix/store/j8hvvl1m92i3f7hf6daspgyr862xsjnc-infer-0.121.0"
      },
      "output-names": [
        "out"
      ],
      "outputs-to-install": [
        "out"
      ],
      "requested-outputs-to-install": [],
      "package-system": "x86_64-darwin",
      "system": "x86_64-darwin",
      "name": "infer-0.121.0",
      "pname": "infer",
      "version": "0.121.0",
      "description": "Command-line interface for the Inference Gateway - AI model interaction manager",
      "licenses": [
        "MIT"
      ],
      "broken": false,
      "unfree": false,
      "priority": 5
    },
    {
      "install_id": "infer",
      "locked-url": "github:inference-gateway/cli/81761aed9cf0c38a1db8fb531ef40a45f037d48c?narHash=sha256-z/weHqUvnWr/ko389SeFU7XzEQAiMcD4fgyeSZUO67o%3D",
      "flake-description": "Inference Gateway CLI - infer",
      "locked-flake-attr-path": "packages.x86_64-linux.default",
      "derivation": "/nix/store/12mnarjbd2rwkladqz75h6jhkic4w6sh-infer-0.121.0.drv",
      "outputs": {
        "out": "/nix/store/jj2ldsbz6zra45i479yacsq7aisk5wy1-infer-0.121.0"
      },
      "output-names": [
        "out"
      ],
      "outputs-to-install": [
        "out"
      ],
      "requested-outputs-to-install": [],
      "package-system": "x86_64-linux",
      "system": "x86_64-linux",
      "name": "infer-0.121.0",
      "pname": "infer",
      "version": "0.121.0",
      "description": "Command-line interface for the Inference Gateway - AI model interaction manager",
      "licenses": [
        "MIT"
      ],
      "broken": false,
      "unfree": false,
      "priority": 5
    }
  ]
}
