{
  "lockfile-version": 1,
  "manifest": {
    "schema-version": "1.13.0",
    "install": {
      "claude-code": {
        "pkg-path": "claude-code",
        "pkg-group": "claude-code",
        "version": "2.1.177"
      },
      "codex": {
        "pkg-path": "codex",
        "pkg-group": "codex",
        "version": "^0.139.0"
      },
      "infer": {
        "flake": "github:inference-gateway/cli/v0.121.1"
      },
      "nodejs": {
        "pkg-path": "nodejs_26",
        "version": "26.2.0"
      },
      "pnpm": {
        "pkg-path": "pnpm",
        "version": "11.1.2"
      }
    },
    "vars": {
      "NODE_OPTIONS": "--no-warnings"
    },
    "hook": {
      "on-activate": "  pnpm install\n"
    },
    "options": {}
  },
  "packages": [
    {
      "attr_path": "claude-code",
      "broken": false,
      "derivation": "/nix/store/xl1drkxshl0rra7hnq7ad5d327bhwv2z-claude-code-2.1.177.drv",
      "description": "Agentic coding tool that lives in your terminal, understands your codebase, and helps you code faster",
      "install_id": "claude-code",
      "license": "Unfree",
      "locked_url": "https://github.com/flox/nixpkgs?rev=567a49d1913ce81ac6e9582e3553dd90a955875f",
      "name": "claude-code-2.1.177",
      "pname": "claude-code",
      "rev": "567a49d1913ce81ac6e9582e3553dd90a955875f",
      "rev_count": 1017464,
      "rev_date": "2026-06-16T02:33:49Z",
      "scrape_date": "2026-06-17T03:13:13.918673Z",
      "stabilities": [
        "unstable"
      ],
      "unfree": true,
      "version": "2.1.177",
      "outputs_to_install": [
        "out"
      ],
      "outputs": {
        "out": "/nix/store/yj3ivk803nib0jxn4ip99rp5pxihhib6-claude-code-2.1.177"
      },
      "system": "aarch64-darwin",
      "group": "claude-code",
      "priority": 5
    },
    {
      "attr_path": "claude-code",
      "broken": false,
      "derivation": "/nix/store/cz2hkz6kv5cblj96pmbhcjir4djl5l9f-claude-code-2.1.177.drv",
      "description": "Agentic coding tool that lives in your terminal, understands your codebase, and helps you code faster",
      "install_id": "claude-code",
      "license": "Unfree",
      "locked_url": "https://github.com/flox/nixpkgs?rev=567a49d1913ce81ac6e9582e3553dd90a955875f",
      "name": "claude-code-2.1.177",
      "pname": "claude-code",
      "rev": "567a49d1913ce81ac6e9582e3553dd90a955875f",
      "rev_count": 1017464,
      "rev_date": "2026-06-16T02:33:49Z",
      "scrape_date": "2026-06-17T03:44:08.327387Z",
      "stabilities": [
        "unstable"
      ],
      "unfree": true,
      "version": "2.1.177",
      "outputs_to_install": [
        "out"
      ],
      "outputs": {
        "out": "/nix/store/jyn64sa04326g64l3n119l8cyxc31pqs-claude-code-2.1.177"
      },
      "system": "aarch64-linux",
      "group": "claude-code",
      "priority": 5
    },
    {
      "attr_path": "claude-code",
      "broken": false,
      "derivation": "/nix/store/41bckifzgw1i3210swdw2cq641zazaxb-claude-code-2.1.177.drv",
      "description": "Agentic coding tool that lives in your terminal, understands your codebase, and helps you code faster",
      "install_id": "claude-code",
      "license": "Unfree",
      "locked_url": "https://github.com/flox/nixpkgs?rev=567a49d1913ce81ac6e9582e3553dd90a955875f",
      "name": "claude-code-2.1.177",
      "pname": "claude-code",
      "rev": "567a49d1913ce81ac6e9582e3553dd90a955875f",
      "rev_count": 1017464,
      "rev_date": "2026-06-16T02:33:49Z",
      "scrape_date": "2026-06-17T04:13:06.183975Z",
      "stabilities": [
        "unstable"
      ],
      "unfree": true,
      "version": "2.1.177",
      "outputs_to_install": [
        "out"
      ],
      "outputs": {
        "out": "/nix/store/and9fpg7drh4iwqs6vl4iqhrqlhq2sap-claude-code-2.1.177"
      },
      "system": "x86_64-darwin",
      "group": "claude-code",
      "priority": 5
    },
    {
      "attr_path": "claude-code",
      "broken": false,
      "derivation": "/nix/store/vhn3kpjpjp4103izyi7s23gm3bxf7dji-claude-code-2.1.177.drv",
      "description": "Agentic coding tool that lives in your terminal, understands your codebase, and helps you code faster",
      "install_id": "claude-code",
      "license": "Unfree",
      "locked_url": "https://github.com/flox/nixpkgs?rev=567a49d1913ce81ac6e9582e3553dd90a955875f",
      "name": "claude-code-2.1.177",
      "pname": "claude-code",
      "rev": "567a49d1913ce81ac6e9582e3553dd90a955875f",
      "rev_count": 1017464,
      "rev_date": "2026-06-16T02:33:49Z",
      "scrape_date": "2026-06-17T04:47:04.368165Z",
      "stabilities": [
        "unstable"
      ],
      "unfree": true,
      "version": "2.1.177",
      "outputs_to_install": [
        "out"
      ],
      "outputs": {
        "out": "/nix/store/l77h98crmjn77dgnz9r7i0xrkxf8m4kq-claude-code-2.1.177"
      },
      "system": "x86_64-linux",
      "group": "claude-code",
      "priority": 5
    },
    {
      "attr_path": "nodejs_26",
      "broken": false,
      "derivation": "/nix/store/iglicmvz9gwvncclrw7pfx0gjrl1jg6n-nodejs-26.2.0.drv",
      "description": "Event-driven I/O framework for the V8 JavaScript engine",
      "install_id": "nodejs",
      "license": "MIT",
      "locked_url": "https://github.com/flox/nixpkgs?rev=64c08a7ca051951c8eae34e3e3cb1e202fe36786",
      "name": "nodejs-26.2.0",
      "pname": "nodejs_26",
      "rev": "64c08a7ca051951c8eae34e3e3cb1e202fe36786",
      "rev_count": 1004030,
      "rev_date": "2026-05-23T18:24:25Z",
      "scrape_date": "2026-05-26T07:06:28.044052Z",
      "stabilities": [
        "unstable"
      ],
      "unfree": false,
      "version": "26.2.0",
      "outputs_to_install": [
        "out"
      ],
      "outputs": {
        "out": "/nix/store/ng3asxryh41z2bbyv42qz86ziy6fk3r2-nodejs-26.2.0"
      },
      "system": "aarch64-darwin",
      "group": "toplevel",
      "priority": 5
    },
    {
      "attr_path": "nodejs_26",
      "broken": false,
      "derivation": "/nix/store/w3fr2yfgh1kzvijfjbz88pc1fpl1769q-nodejs-26.2.0.drv",
      "description": "Event-driven I/O framework for the V8 JavaScript engine",
      "install_id": "nodejs",
      "license": "MIT",
      "locked_url": "https://github.com/flox/nixpkgs?rev=64c08a7ca051951c8eae34e3e3cb1e202fe36786",
      "name": "nodejs-26.2.0",
      "pname": "nodejs_26",
      "rev": "64c08a7ca051951c8eae34e3e3cb1e202fe36786",
      "rev_count": 1004030,
      "rev_date": "2026-05-23T18:24:25Z",
      "scrape_date": "2026-05-26T07:35:05.606404Z",
      "stabilities": [
        "unstable"
      ],
      "unfree": false,
      "version": "26.2.0",
      "outputs_to_install": [
        "out"
      ],
      "outputs": {
        "out": "/nix/store/0aig3msypgcn18jxqhzmci1acam3gs5b-nodejs-26.2.0"
      },
      "system": "aarch64-linux",
      "group": "toplevel",
      "priority": 5
    },
    {
      "attr_path": "nodejs_26",
      "broken": false,
      "derivation": "/nix/store/py2n5xncg4cgpgaqzifk6kbgg5r98443-nodejs-26.2.0.drv",
      "description": "Event-driven I/O framework for the V8 JavaScript engine",
      "install_id": "nodejs",
      "license": "MIT",
      "locked_url": "https://github.com/flox/nixpkgs?rev=64c08a7ca051951c8eae34e3e3cb1e202fe36786",
      "name": "nodejs-26.2.0",
      "pname": "nodejs_26",
      "rev": "64c08a7ca051951c8eae34e3e3cb1e202fe36786",
      "rev_count": 1004030,
      "rev_date": "2026-05-23T18:24:25Z",
      "scrape_date": "2026-05-26T08:02:36.833820Z",
      "stabilities": [
        "unstable"
      ],
      "unfree": false,
      "version": "26.2.0",
      "outputs_to_install": [
        "out"
      ],
      "outputs": {
        "out": "/nix/store/7maj7y73f78q8k7f58f6bqbalhzg3ijy-nodejs-26.2.0"
      },
      "system": "x86_64-darwin",
      "group": "toplevel",
      "priority": 5
    },
    {
      "attr_path": "nodejs_26",
      "broken": false,
      "derivation": "/nix/store/pn8q0xmdld7kyy54rmp3hixnhh5nf928-nodejs-26.2.0.drv",
      "description": "Event-driven I/O framework for the V8 JavaScript engine",
      "install_id": "nodejs",
      "license": "MIT",
      "locked_url": "https://github.com/flox/nixpkgs?rev=64c08a7ca051951c8eae34e3e3cb1e202fe36786",
      "name": "nodejs-26.2.0",
      "pname": "nodejs_26",
      "rev": "64c08a7ca051951c8eae34e3e3cb1e202fe36786",
      "rev_count": 1004030,
      "rev_date": "2026-05-23T18:24:25Z",
      "scrape_date": "2026-05-26T08:33:31.733068Z",
      "stabilities": [
        "unstable"
      ],
      "unfree": false,
      "version": "26.2.0",
      "outputs_to_install": [
        "out"
      ],
      "outputs": {
        "out": "/nix/store/6b8rp3jvsq1am7d0bx8xz2dpyb45nbp2-nodejs-26.2.0"
      },
      "system": "x86_64-linux",
      "group": "toplevel",
      "priority": 5
    },
    {
      "attr_path": "pnpm",
      "broken": false,
      "derivation": "/nix/store/rc7lw12f8g6670780vvjgfvry1gv4xg4-pnpm-11.1.2.drv",
      "description": "Fast, disk space efficient package manager for JavaScript",
      "install_id": "pnpm",
      "license": "MIT",
      "locked_url": "https://github.com/flox/nixpkgs?rev=64c08a7ca051951c8eae34e3e3cb1e202fe36786",
      "name": "pnpm-11.1.2",
      "pname": "pnpm",
      "rev": "64c08a7ca051951c8eae34e3e3cb1e202fe36786",
      "rev_count": 1004030,
      "rev_date": "2026-05-23T18:24:25Z",
      "scrape_date": "2026-05-26T07:06:42.079668Z",
      "stabilities": [
        "unstable"
      ],
      "unfree": false,
      "version": "11.1.2",
      "outputs_to_install": [
        "out"
      ],
      "outputs": {
        "out": "/nix/store/5xwgha9mcl3x41zs1yf3cxjcl4866mvk-pnpm-11.1.2"
      },
      "system": "aarch64-darwin",
      "group": "toplevel",
      "priority": 5
    },
    {
      "attr_path": "pnpm",
      "broken": false,
      "derivation": "/nix/store/hsrrzl1h103ch68by248qrvnn8xcqcxy-pnpm-11.1.2.drv",
      "description": "Fast, disk space efficient package manager for JavaScript",
      "install_id": "pnpm",
      "license": "MIT",
      "locked_url": "https://github.com/flox/nixpkgs?rev=64c08a7ca051951c8eae34e3e3cb1e202fe36786",
      "name": "pnpm-11.1.2",
      "pname": "pnpm",
      "rev": "64c08a7ca051951c8eae34e3e3cb1e202fe36786",
      "rev_count": 1004030,
      "rev_date": "2026-05-23T18:24:25Z",
      "scrape_date": "2026-05-26T07:35:25.766088Z",
      "stabilities": [
        "unstable"
      ],
      "unfree": false,
      "version": "11.1.2",
      "outputs_to_install": [
        "out"
      ],
      "outputs": {
        "out": "/nix/store/1kzs82g6ywic50y2i9k6nkp9kzya4a4a-pnpm-11.1.2"
      },
      "system": "aarch64-linux",
      "group": "toplevel",
      "priority": 5
    },
    {
      "attr_path": "pnpm",
      "broken": false,
      "derivation": "/nix/store/s0nsa7gxdhd580s8fy61s3h0k4lzwxjy-pnpm-11.1.2.drv",
      "description": "Fast, disk space efficient package manager for JavaScript",
      "install_id": "pnpm",
      "license": "MIT",
      "locked_url": "https://github.com/flox/nixpkgs?rev=64c08a7ca051951c8eae34e3e3cb1e202fe36786",
      "name": "pnpm-11.1.2",
      "pname": "pnpm",
      "rev": "64c08a7ca051951c8eae34e3e3cb1e202fe36786",
      "rev_count": 1004030,
      "rev_date": "2026-05-23T18:24:25Z",
      "scrape_date": "2026-05-26T08:02:51.046069Z",
      "stabilities": [
        "unstable"
      ],
      "unfree": false,
      "version": "11.1.2",
      "outputs_to_install": [
        "out"
      ],
      "outputs": {
        "out": "/nix/store/6ylc843py5x7jpw8g322adgz08a4kjzd-pnpm-11.1.2"
      },
      "system": "x86_64-darwin",
      "group": "toplevel",
      "priority": 5
    },
    {
      "attr_path": "pnpm",
      "broken": false,
      "derivation": "/nix/store/r688lc2vhw52rn7jrag2yvvd4865mz1r-pnpm-11.1.2.drv",
      "description": "Fast, disk space efficient package manager for JavaScript",
      "install_id": "pnpm",
      "license": "MIT",
      "locked_url": "https://github.com/flox/nixpkgs?rev=64c08a7ca051951c8eae34e3e3cb1e202fe36786",
      "name": "pnpm-11.1.2",
      "pname": "pnpm",
      "rev": "64c08a7ca051951c8eae34e3e3cb1e202fe36786",
      "rev_count": 1004030,
      "rev_date": "2026-05-23T18:24:25Z",
      "scrape_date": "2026-05-26T08:33:51.095503Z",
      "stabilities": [
        "unstable"
      ],
      "unfree": false,
      "version": "11.1.2",
      "outputs_to_install": [
        "out"
      ],
      "outputs": {
        "out": "/nix/store/q5a7ifamw5c6c9llfdj8h487qz4rasr9-pnpm-11.1.2"
      },
      "system": "x86_64-linux",
      "group": "toplevel",
      "priority": 5
    },
    {
      "attr_path": "codex",
      "broken": false,
      "derivation": "/nix/store/63vzjfrvmwix530d8sx5vxlpfzm6z20d-codex-0.139.0.drv",
      "description": "Lightweight coding agent that runs in your terminal",
      "install_id": "codex",
      "license": "Apache-2.0",
      "locked_url": "https://github.com/flox/nixpkgs?rev=567a49d1913ce81ac6e9582e3553dd90a955875f",
      "name": "codex-0.139.0",
      "pname": "codex",
      "rev": "567a49d1913ce81ac6e9582e3553dd90a955875f",
      "rev_count": 1017464,
      "rev_date": "2026-06-16T02:33:49Z",
      "scrape_date": "2026-06-17T03:13:13.967897Z",
      "stabilities": [
        "unstable"
      ],
      "unfree": false,
      "version": "0.139.0",
      "outputs_to_install": [
        "out"
      ],
      "outputs": {
        "out": "/nix/store/kk6w91iazm0qsn6rmx2bpzrcr7z5050g-codex-0.139.0"
      },
      "system": "aarch64-darwin",
      "group": "codex",
      "priority": 5
    },
    {
      "attr_path": "codex",
      "broken": false,
      "derivation": "/nix/store/pjx1j4gxicpfr57rx70kb3b1cdcfb2xl-codex-0.139.0.drv",
      "description": "Lightweight coding agent that runs in your terminal",
      "install_id": "codex",
      "license": "Apache-2.0",
      "locked_url": "https://github.com/flox/nixpkgs?rev=567a49d1913ce81ac6e9582e3553dd90a955875f",
      "name": "codex-0.139.0",
      "pname": "codex",
      "rev": "567a49d1913ce81ac6e9582e3553dd90a955875f",
      "rev_count": 1017464,
      "rev_date": "2026-06-16T02:33:49Z",
      "scrape_date": "2026-06-17T03:44:08.386385Z",
      "stabilities": [
        "unstable"
      ],
      "unfree": false,
      "version": "0.139.0",
      "outputs_to_install": [
        "out"
      ],
      "outputs": {
        "out": "/nix/store/c6xw394r6jiy6hdw83ffhsvmv92mra6c-codex-0.139.0"
      },
      "system": "aarch64-linux",
      "group": "codex",
      "priority": 5
    },
    {
      "attr_path": "codex",
      "broken": false,
      "derivation": "/nix/store/sl1jk4cj928gk394igx2nrjdshlaknjy-codex-0.139.0.drv",
      "description": "Lightweight coding agent that runs in your terminal",
      "install_id": "codex",
      "license": "Apache-2.0",
      "locked_url": "https://github.com/flox/nixpkgs?rev=567a49d1913ce81ac6e9582e3553dd90a955875f",
      "name": "codex-0.139.0",
      "pname": "codex",
      "rev": "567a49d1913ce81ac6e9582e3553dd90a955875f",
      "rev_count": 1017464,
      "rev_date": "2026-06-16T02:33:49Z",
      "scrape_date": "2026-06-17T04:13:06.227650Z",
      "stabilities": [
        "unstable"
      ],
      "unfree": false,
      "version": "0.139.0",
      "outputs_to_install": [
        "out"
      ],
      "outputs": {
        "out": "/nix/store/qyk42m792rd2z9qcdpnv32d0qymf6aaw-codex-0.139.0"
      },
      "system": "x86_64-darwin",
      "group": "codex",
      "priority": 5
    },
    {
      "attr_path": "codex",
      "broken": false,
      "derivation": "/nix/store/drabk2w3g0lga6pxhav1h0pqk25yxsj6-codex-0.139.0.drv",
      "description": "Lightweight coding agent that runs in your terminal",
      "install_id": "codex",
      "license": "Apache-2.0",
      "locked_url": "https://github.com/flox/nixpkgs?rev=567a49d1913ce81ac6e9582e3553dd90a955875f",
      "name": "codex-0.139.0",
      "pname": "codex",
      "rev": "567a49d1913ce81ac6e9582e3553dd90a955875f",
      "rev_count": 1017464,
      "rev_date": "2026-06-16T02:33:49Z",
      "scrape_date": "2026-06-17T04:47:04.431620Z",
      "stabilities": [
        "unstable"
      ],
      "unfree": false,
      "version": "0.139.0",
      "outputs_to_install": [
        "out"
      ],
      "outputs": {
        "out": "/nix/store/9li75nh4fyk2m574lmim7wnjqm49hl39-codex-0.139.0"
      },
      "system": "x86_64-linux",
      "group": "codex",
      "priority": 5
    },
    {
      "install_id": "infer",
      "locked-url": "github:inference-gateway/cli/f439d4e2a359b7db834f995174dea8300fb02ccf?narHash=sha256-fp1gEl5FemmY4VYefCYPfisR1OViBkDsyQuYpAbFPbw%3D",
      "flake-description": "Inference Gateway CLI - infer",
      "locked-flake-attr-path": "packages.aarch64-darwin.default",
      "derivation": "/nix/store/993z386v7rxynsi0a7365gbzsizp39yb-infer-0.121.1.drv",
      "outputs": {
        "out": "/nix/store/p30vk513zz4fx7i88dbjxz1riv5mz3z0-infer-0.121.1"
      },
      "output-names": [
        "out"
      ],
      "outputs-to-install": [
        "out"
      ],
      "requested-outputs-to-install": [],
      "package-system": "aarch64-darwin",
      "system": "aarch64-darwin",
      "name": "infer-0.121.1",
      "pname": "infer",
      "version": "0.121.1",
      "description": "Command-line interface for the Inference Gateway - AI model interaction manager",
      "licenses": [
        "MIT"
      ],
      "broken": false,
      "unfree": false,
      "priority": 5
    },
    {
      "install_id": "infer",
      "locked-url": "github:inference-gateway/cli/f439d4e2a359b7db834f995174dea8300fb02ccf?narHash=sha256-fp1gEl5FemmY4VYefCYPfisR1OViBkDsyQuYpAbFPbw%3D",
      "flake-description": "Inference Gateway CLI - infer",
      "locked-flake-attr-path": "packages.aarch64-linux.default",
      "derivation": "/nix/store/f1n0ydy6h2wdlp7nzxd0rpa01dssjj9g-infer-0.121.1.drv",
      "outputs": {
        "out": "/nix/store/30gi6dpybvv74b7mi7pab7pkilc4ba7b-infer-0.121.1"
      },
      "output-names": [
        "out"
      ],
      "outputs-to-install": [
        "out"
      ],
      "requested-outputs-to-install": [],
      "package-system": "aarch64-linux",
      "system": "aarch64-linux",
      "name": "infer-0.121.1",
      "pname": "infer",
      "version": "0.121.1",
      "description": "Command-line interface for the Inference Gateway - AI model interaction manager",
      "licenses": [
        "MIT"
      ],
      "broken": false,
      "unfree": false,
      "priority": 5
    },
    {
      "install_id": "infer",
      "locked-url": "github:inference-gateway/cli/f439d4e2a359b7db834f995174dea8300fb02ccf?narHash=sha256-fp1gEl5FemmY4VYefCYPfisR1OViBkDsyQuYpAbFPbw%3D",
      "flake-description": "Inference Gateway CLI - infer",
      "locked-flake-attr-path": "packages.x86_64-darwin.default",
      "derivation": "/nix/store/7zl4v19fn30lrv4ghxrl2wb0mfnsa7cc-infer-0.121.1.drv",
      "outputs": {
        "out": "/nix/store/2zgqvg1jhlqx1g2cc1ps804y8pqrf0nn-infer-0.121.1"
      },
      "output-names": [
        "out"
      ],
      "outputs-to-install": [
        "out"
      ],
      "requested-outputs-to-install": [],
      "package-system": "x86_64-darwin",
      "system": "x86_64-darwin",
      "name": "infer-0.121.1",
      "pname": "infer",
      "version": "0.121.1",
      "description": "Command-line interface for the Inference Gateway - AI model interaction manager",
      "licenses": [
        "MIT"
      ],
      "broken": false,
      "unfree": false,
      "priority": 5
    },
    {
      "install_id": "infer",
      "locked-url": "github:inference-gateway/cli/f439d4e2a359b7db834f995174dea8300fb02ccf?narHash=sha256-fp1gEl5FemmY4VYefCYPfisR1OViBkDsyQuYpAbFPbw%3D",
      "flake-description": "Inference Gateway CLI - infer",
      "locked-flake-attr-path": "packages.x86_64-linux.default",
      "derivation": "/nix/store/calj8y83fk73nqc67q6464jvg37f6zv3-infer-0.121.1.drv",
      "outputs": {
        "out": "/nix/store/gijw1m6an3mqhgj5prdlnhp1j5dpxdyy-infer-0.121.1"
      },
      "output-names": [
        "out"
      ],
      "outputs-to-install": [
        "out"
      ],
      "requested-outputs-to-install": [],
      "package-system": "x86_64-linux",
      "system": "x86_64-linux",
      "name": "infer-0.121.1",
      "pname": "infer",
      "version": "0.121.1",
      "description": "Command-line interface for the Inference Gateway - AI model interaction manager",
      "licenses": [
        "MIT"
      ],
      "broken": false,
      "unfree": false,
      "priority": 5
    }
  ]
}
